schema: '2.0'
stages:
  extract:
    cmd: python mlops/pipelines/01_extract.py
    deps:
    - path: backend
      hash: md5
      md5: d630b4794bfc97c24fdb0909ae9d6be9.dir
      size: 321989
      nfiles: 113
    - path: mlops/pipelines/01_extract.py
      hash: md5
      md5: 1a623e9857b49f05c206c831b7e566ee
      size: 3912
    outs:
    - path: data/raw
      hash: md5
      md5: a8ab015510062460467e4ab13aa476a5.dir
      size: 529729
      nfiles: 6
  validate:
    cmd: python mlops/pipelines/02_validate.py
    deps:
    - path: data/raw
      hash: md5
      md5: a8ab015510062460467e4ab13aa476a5.dir
      size: 529729
      nfiles: 6
    - path: mlops/pipelines/02_validate.py
      hash: md5
      md5: 4d2711ad21ef7a002a6abf81cadfe7d3
      size: 4310
    outs:
    - path: reports/data_validation.json
      hash: md5
      md5: 2df7efa12bba3dba32874a1444abb057
      size: 1885
  features:
    cmd: python mlops/pipelines/03_features.py
    deps:
    - path: backend/analytics/ml/features.py
      hash: md5
      md5: 9ca958f365da83c977bf70d1d55724c2
      size: 4249
    - path: backend/analytics/ml/labels.py
      hash: md5
      md5: fcd0e85a7601611584ce0ef0dd087893
      size: 802
    - path: backend/analytics/ml/schemas.py
      hash: md5
      md5: acd9adb82c9dbf67bea81166d0dd59f0
      size: 1258
    - path: data/raw
      hash: md5
      md5: a8ab015510062460467e4ab13aa476a5.dir
      size: 529729
      nfiles: 6
    - path: mlops/pipelines/03_features.py
      hash: md5
      md5: c07cc2fe8c9e6b82f21c1162fe66d00a
      size: 4716
    - path: reports/data_validation.json
      hash: md5
      md5: 2df7efa12bba3dba32874a1444abb057
      size: 1885
    params:
      mlops/config/mlops.yaml:
        dropout.lookback_days: 30
    outs:
    - path: data/processed/dropout_features.parquet
      hash: md5
      md5: 24277e83d7cd35f46f367b4316183846
      size: 17751
    - path: data/processed/feature_manifest.json
      hash: md5
      md5: d08be36fefba4d65069f23f698bd48c8
      size: 502
  drift:
    cmd: python mlops/monitoring/drift.py
    deps:
    - path: data/processed/dropout_features.parquet
      hash: md5
      md5: 24277e83d7cd35f46f367b4316183846
      size: 17751
    - path: mlops/monitoring/drift.py
      hash: md5
      md5: 9f5022a8686a72cb34c6b6cff7be2697
      size: 3615
    params:
      mlops/config/mlops.yaml:
        monitoring:
          drift_method: psi
          drift_threshold: 0.2
          retrain_on_drift: true
    outs:
    - path: reports/drift_report.json
      hash: md5
      md5: da1b94659ac3673bfd5323e43c883079
      size: 312
  train_dropout:
    cmd: python mlops/pipelines/04_train_dropout.py
    deps:
    - path: backend/analytics/ml/schemas.py
      hash: md5
      md5: acd9adb82c9dbf67bea81166d0dd59f0
      size: 1258
    - path: data/processed/dropout_features.parquet
      hash: md5
      md5: 24277e83d7cd35f46f367b4316183846
      size: 17751
    - path: mlops/pipelines/04_train_dropout.py
      hash: md5
      md5: cbb3ef689320540fdae238ce9defe601
      size: 8228
    params:
      mlops/config/mlops.yaml:
        dropout:
          algorithm: xgboost
          lookback_days: 30
          test_size: 0.2
          random_state: 42
          calibrate: true
          cv_folds: 5
          hyperparams:
            n_estimators: 300
            max_depth: 6
            learning_rate: 0.05
            subsample: 0.8
            colsample_bytree: 0.8
            scale_pos_weight: auto
          thresholds:
            high: 0.7
            medium: 0.4
          promotion:
            min_f1: 0.75
            min_roc_auc: 0.8
            max_drift_psi: 0.2
        mlflow:
          tracking_uri: sqlite:///mlflow.db
          experiment_name: rt-video-learning
          registry_uri: sqlite:///mlflow.db
          artifact_root: ./mlartifacts
    outs:
    - path: metrics/dropout_metrics.json
      hash: md5
      md5: 979394ad8e0542e9bf7a38fba71d0136
      size: 240
    - path: models/dropout/dropout_model.pkl
      hash: md5
      md5: 11d6ffd3eeb680660fc54165ffb62f03
      size: 1086565
    - path: models/dropout/dropout_scaler.pkl
      hash: md5
      md5: 83053fb22f251b5338adabc1ddb0a1ad
      size: 1359
  train_style:
    cmd: python mlops/pipelines/05_train_style.py
    deps:
    - path: data/processed/dropout_features.parquet
      hash: md5
      md5: 24277e83d7cd35f46f367b4316183846
      size: 17751
    - path: mlops/pipelines/05_train_style.py
      hash: md5
      md5: 89234b92c969863ffa0868119f93a52d
      size: 5958
    params:
      mlops/config/mlops.yaml:
        learning_style:
          k_range:
          - 2
          - 8
          auto_select: silhouette
          algorithm: kmeans
        mlflow:
          tracking_uri: sqlite:///mlflow.db
          experiment_name: rt-video-learning
          registry_uri: sqlite:///mlflow.db
          artifact_root: ./mlartifacts
    outs:
    - path: metrics/style_metrics.json
      hash: md5
      md5: 5f83652edf6e8e594403c85afd10b57c
      size: 193
    - path: models/style/kmeans.pkl
      hash: md5
      md5: 2d133af9f055f89a24b50b5ce01adad5
      size: 2113
  train_recommender:
    cmd: python mlops/pipelines/06_train_recommender.py
    deps:
    - path: data/raw
      hash: md5
      md5: a8ab015510062460467e4ab13aa476a5.dir
      size: 529729
      nfiles: 6
    - path: mlops/pipelines/06_train_recommender.py
      hash: md5
      md5: 4e1eb9b8d3a06410e7c73e060c8f2056
      size: 7578
    params:
      mlops/config/mlops.yaml:
        mlflow:
          tracking_uri: sqlite:///mlflow.db
          experiment_name: rt-video-learning
          registry_uri: sqlite:///mlflow.db
          artifact_root: ./mlartifacts
        recommender:
          algorithm: hybrid
          factors: 64
          regularization: 0.05
          iterations: 30
          alpha: 40
          content_weight: 0.3
    outs:
    - path: metrics/recommender_metrics.json
      hash: md5
      md5: e6612de110712663e2cca4124282a484
      size: 85
    - path: models/recommender/hybrid.pkl
      hash: md5
      md5: 37474a21a56b77f276ac1a73e26ca164
      size: 49550
  register:
    cmd: python mlops/pipelines/08_registrer.py
    deps:
    - path: metrics/dropout_metrics.json
      hash: md5
      md5: 979394ad8e0542e9bf7a38fba71d0136
      size: 240
    - path: mlops/pipelines/08_registrer.py
      hash: md5
      md5: 6ff9318fc69669a886250f9d832b4066
      size: 2120
    - path: models/dropout/dropout_model.pkl
      hash: md5
      md5: 11d6ffd3eeb680660fc54165ffb62f03
      size: 1086565
