schema: '2.0'
stages:
  extract:
    cmd: python mlops/pipelines/01_extract.py
    deps:
    - path: backend
      hash: md5
      md5: 77f2c569256d79fb30abf4e3308a696b.dir
      size: 325538
      nfiles: 115
    - path: mlops/pipelines/01_extract.py
      hash: md5
      md5: 1a623e9857b49f05c206c831b7e566ee
      size: 3912
    outs:
    - path: data/raw
      hash: md5
      md5: 9cae8c0dca37d2ad4dc9ca3a4b955447.dir
      size: 532798
      nfiles: 6
  validate:
    cmd: python mlops/pipelines/02_validate.py
    deps:
    - path: data/raw
      hash: md5
      md5: 9cae8c0dca37d2ad4dc9ca3a4b955447.dir
      size: 532798
      nfiles: 6
    - path: mlops/pipelines/02_validate.py
      hash: md5
      md5: 4d2711ad21ef7a002a6abf81cadfe7d3
      size: 4310
    outs:
    - path: reports/data_validation.json
      hash: md5
      md5: 11c7f54c050dffae4107cae30b637bf2
      size: 1885
  features:
    cmd: python mlops/pipelines/03_features.py
    deps:
    - path: backend/analytics/ml/features.py
      hash: md5
      md5: 9ca958f365da83c977bf70d1d55724c2
      size: 4249
    - path: backend/analytics/ml/labels.py
      hash: md5
      md5: fcd0e85a7601611584ce0ef0dd087893
      size: 802
    - path: backend/analytics/ml/schemas.py
      hash: md5
      md5: acd9adb82c9dbf67bea81166d0dd59f0
      size: 1258
    - path: data/raw
      hash: md5
      md5: 9cae8c0dca37d2ad4dc9ca3a4b955447.dir
      size: 532798
      nfiles: 6
    - path: mlops/pipelines/03_features.py
      hash: md5
      md5: c07cc2fe8c9e6b82f21c1162fe66d00a
      size: 4716
    - path: reports/data_validation.json
      hash: md5
      md5: 11c7f54c050dffae4107cae30b637bf2
      size: 1885
    params:
      mlops/config/mlops.yaml:
        dropout.lookback_days: 30
    outs:
    - path: data/processed/dropout_features.parquet
      hash: md5
      md5: d9d1d776a9db94d299b9c488933eab53
      size: 17713
    - path: data/processed/feature_manifest.json
      hash: md5
      md5: 0457c78210294cbe1254d73ce4ea8907
      size: 502
  drift:
    cmd: python mlops/monitoring/drift.py
    deps:
    - path: data/processed/dropout_features.parquet
      hash: md5
      md5: d9d1d776a9db94d299b9c488933eab53
      size: 17713
    - path: mlops/monitoring/drift.py
      hash: md5
      md5: 9f5022a8686a72cb34c6b6cff7be2697
      size: 3615
    params:
      mlops/config/mlops.yaml:
        monitoring:
          drift_method: psi
          drift_threshold: 0.2
          retrain_on_drift: true
    outs:
    - path: reports/drift_report.json
      hash: md5
      md5: 056a5b6fc47725c13b9eeed9f16aa449
      size: 312
  train_dropout:
    cmd: python mlops/pipelines/04_train_dropout.py
    deps:
    - path: backend/analytics/ml/schemas.py
      hash: md5
      md5: acd9adb82c9dbf67bea81166d0dd59f0
      size: 1258
    - path: data/processed/dropout_features.parquet
      hash: md5
      md5: d9d1d776a9db94d299b9c488933eab53
      size: 17713
    - path: mlops/pipelines/04_train_dropout.py
      hash: md5
      md5: cbb3ef689320540fdae238ce9defe601
      size: 8228
    params:
      mlops/config/mlops.yaml:
        dropout:
          algorithm: xgboost
          lookback_days: 30
          test_size: 0.2
          random_state: 42
          calibrate: true
          cv_folds: 5
          hyperparams:
            n_estimators: 300
            max_depth: 6
            learning_rate: 0.05
            subsample: 0.8
            colsample_bytree: 0.8
            scale_pos_weight: auto
          thresholds:
            high: 0.7
            medium: 0.4
          promotion:
            min_f1: 0.75
            min_roc_auc: 0.8
            max_drift_psi: 0.2
        mlflow:
          tracking_uri: sqlite:///mlflow.db
          experiment_name: rt-video-learning
          registry_uri: sqlite:///mlflow.db
          artifact_root: ./mlartifacts
    outs:
    - path: metrics/dropout_metrics.json
      hash: md5
      md5: 3b276198b640ab2e2372116f415e77e6
      size: 241
    - path: models/dropout/dropout_model.pkl
      hash: md5
      md5: 7d3177270329d90e5b0a1dc436284a40
      size: 1102149
    - path: models/dropout/dropout_scaler.pkl
      hash: md5
      md5: c9573a2ce1fd842f39df0fb5e1cbfd26
      size: 1359
  train_style:
    cmd: python mlops/pipelines/05_train_style.py
    deps:
    - path: data/processed/dropout_features.parquet
      hash: md5
      md5: d9d1d776a9db94d299b9c488933eab53
      size: 17713
    - path: mlops/pipelines/05_train_style.py
      hash: md5
      md5: 89234b92c969863ffa0868119f93a52d
      size: 5958
    params:
      mlops/config/mlops.yaml:
        learning_style:
          k_range:
          - 2
          - 8
          auto_select: silhouette
          algorithm: kmeans
        mlflow:
          tracking_uri: sqlite:///mlflow.db
          experiment_name: rt-video-learning
          registry_uri: sqlite:///mlflow.db
          artifact_root: ./mlartifacts
    outs:
    - path: metrics/style_metrics.json
      hash: md5
      md5: 3c5a778669a8ef5ebd7ef5caa7079049
      size: 193
    - path: models/style/kmeans.pkl
      hash: md5
      md5: 0ff49182ec25be5f0ed2703dea2fda55
      size: 2121
  train_recommender:
    cmd: python mlops/pipelines/06_train_recommender.py
    deps:
    - path: data/raw
      hash: md5
      md5: 9cae8c0dca37d2ad4dc9ca3a4b955447.dir
      size: 532798
      nfiles: 6
    - path: mlops/pipelines/06_train_recommender.py
      hash: md5
      md5: 4e1eb9b8d3a06410e7c73e060c8f2056
      size: 7578
    params:
      mlops/config/mlops.yaml:
        mlflow:
          tracking_uri: sqlite:///mlflow.db
          experiment_name: rt-video-learning
          registry_uri: sqlite:///mlflow.db
          artifact_root: ./mlartifacts
        recommender:
          algorithm: hybrid
          factors: 64
          regularization: 0.05
          iterations: 30
          alpha: 40
          content_weight: 0.3
    outs:
    - path: metrics/recommender_metrics.json
      hash: md5
      md5: 7f8182e9f2f40c25cbb6fa97e2ea636d
      size: 85
    - path: models/recommender/hybrid.pkl
      hash: md5
      md5: 217791ce856585535738af77604d5b4e
      size: 49838
  register:
    cmd: python mlops/pipelines/08_registrer.py
    deps:
    - path: metrics/dropout_metrics.json
      hash: md5
      md5: 3b276198b640ab2e2372116f415e77e6
      size: 241
    - path: mlops/pipelines/08_registrer.py
      hash: md5
      md5: 6ff9318fc69669a886250f9d832b4066
      size: 2120
    - path: models/dropout/dropout_model.pkl
      hash: md5
      md5: 7d3177270329d90e5b0a1dc436284a40
      size: 1102149
